
Microsoft Visual Studio Solution File, Format Version 12.00
# Visual Studio Version 17
VisualStudioVersion = 17.13.35825.156
MinimumVisualStudioVersion = 10.0.40219.1
Project("{FAE04EC0-301F-11D3-BF4B-00C04F79EFBC}") = "FYP2025", "FYP2025.csproj", "{52734B46-4150-4E1F-BEA8-C9A3F60E5682}"
EndProject
Global
	GlobalSection(SolutionConfigurationPlatforms) = preSolution
		Debug|Any CPU = Debug|Any CPU
		Release|Any CPU = Release|Any CPU
	EndGlobalSection
	GlobalSection(ProjectConfigurationPlatforms) = postSolution
		{52734B46-4150-4E1F-BEA8-C9A3F60E5682}.Debug|Any CPU.ActiveCfg = Debug|Any CPU
		{52734B46-4150-4E1F-BEA8-C9A3F60E5682}.Debug|Any CPU.Build.0 = Debug|Any CPU
		{52734B46-4150-4E1F-BEA8-C9A3F60E5682}.Release|Any CPU.ActiveCfg = Release|Any CPU
		{52734B46-4150-4E1F-BEA8-C9A3F60E5682}.Release|Any CPU.Build.0 = Release|Any CPU
	EndGlobalSection
	GlobalSection(SolutionProperties) = preSolution
		HideSolutionNode = FALSE
	EndGlobalSection
	GlobalSection(ExtensibilityGlobals) = postSolution
		SolutionGuid = {DD265D60-F9D4-453B-82D0-854319B84849}
	EndGlobalSection
EndGlobal
